
Microsoft Visual Studio Solution File, Format Version 12.00
# Visual Studio Version 17
VisualStudioVersion = 17.9.34714.143
MinimumVisualStudioVersion = 10.0.40219.1
Project("{FAE04EC0-301F-11D3-BF4B-00C04F79EFBC}") = "ProjectEstimationWinApp", "ProjectEstimationWinApp.csproj", "{E6B520A4-8AB7-4C7E-958D-8353DBBB6604}"
EndProject
Global
	GlobalSection(SolutionConfigurationPlatforms) = preSolution
		Debug|Any CPU = Debug|Any CPU
		Release|Any CPU = Release|Any CPU
	EndGlobalSection
	GlobalSection(ProjectConfigurationPlatforms) = postSolution
		{E6B520A4-8AB7-4C7E-958D-8353DBBB6604}.Debug|Any CPU.ActiveCfg = Debug|Any CPU
		{E6B520A4-8AB7-4C7E-958D-8353DBBB6604}.Debug|Any CPU.Build.0 = Debug|Any CPU
		{E6B520A4-8AB7-4C7E-958D-8353DBBB6604}.Release|Any CPU.ActiveCfg = Release|Any CPU
		{E6B520A4-8AB7-4C7E-958D-8353DBBB6604}.Release|Any CPU.Build.0 = Release|Any CPU
	EndGlobalSection
	GlobalSection(SolutionProperties) = preSolution
		HideSolutionNode = FALSE
	EndGlobalSection
	GlobalSection(ExtensibilityGlobals) = postSolution
		SolutionGuid = {9409B100-ACE9-4CC2-8B61-FEEDA065A6BB}
	EndGlobalSection
EndGlobal
